
Microsoft Visual Studio Solution File, Format Version 12.00
# Visual Studio 2012
Project("{FAE04EC0-301F-11D3-BF4B-00C04F79EFBC}") = "ROCK-PAPER-SCISSORS", "ROCK-PAPER-SCISSORS\ROCK-PAPER-SCISSORS.csproj", "{1AA67960-45EE-481C-B782-EAE2480FF7D5}"
EndProject
Global
	GlobalSection(SolutionConfigurationPlatforms) = preSolution
		Debug|Any CPU = Debug|Any CPU
		Release|Any CPU = Release|Any CPU
	EndGlobalSection
	GlobalSection(ProjectConfigurationPlatforms) = postSolution
		{1AA67960-45EE-481C-B782-EAE2480FF7D5}.Debug|Any CPU.ActiveCfg = Debug|Any CPU
		{1AA67960-45EE-481C-B782-EAE2480FF7D5}.Debug|Any CPU.Build.0 = Debug|Any CPU
		{1AA67960-45EE-481C-B782-EAE2480FF7D5}.Release|Any CPU.ActiveCfg = Release|Any CPU
		{1AA67960-45EE-481C-B782-EAE2480FF7D5}.Release|Any CPU.Build.0 = Release|Any CPU
	EndGlobalSection
	GlobalSection(SolutionProperties) = preSolution
		HideSolutionNode = FALSE
	EndGlobalSection
EndGlobal
